// !$*UTF8*$!
{
	archiveVersion = 1;
	classes = {
	};
	objectVersion = 50;
	objects = {

/* Begin PBXBuildFile section */
		5CC3BCD92106CFBE00F5687E /* main.m in Sources */ = {isa = PBXBuildFile; fileRef = 5CC3BCD82106CFBE00F5687E /* main.m */; };
		5CC3BCE12106D00300F5687E /* NSObject+Dictionary.m in Sources */ = {isa = PBXBuildFile; fileRef = 5CC3BCE02106D00300F5687E /* NSObject+Dictionary.m */; };
		5CC3BCFB2106D0E100F5687E /* Goods.m in Sources */ = {isa = PBXBuildFile; fileRef = 5CC3BCF32106D0E100F5687E /* Goods.m */; };
		5CC3BCFC2106D0E100F5687E /* SalesOrder.m in Sources */ = {isa = PBXBuildFile; fileRef = 5CC3BCF52106D0E100F5687E /* SalesOrder.m */; };
		5CC3BCFD2106D0E100F5687E /* SalesOrderParts.m in Sources */ = {isa = PBXBuildFile; fileRef = 5CC3BCF62106D0E100F5687E /* SalesOrderParts.m */; };
		5CC3BCFE2106D0E100F5687E /* TEST.m in Sources */ = {isa = PBXBuildFile; fileRef = 5CC3BCF72106D0E100F5687E /* TEST.m */; };
		5CC3BCFF2106D0E100F5687E /* SalesRefund.m in Sources */ = {isa = PBXBuildFile; fileRef = 5CC3BCF82106D0E100F5687E /* SalesRefund.m */; };
/* End PBXBuildFile section */

/* Begin PBXCopyFilesBuildPhase section */
		5CC3BCD32106CFBE00F5687E /* CopyFiles */ = {
			isa = PBXCopyFilesBuildPhase;
			buildActionMask = 2147483647;
			dstPath = /usr/share/man/man1/;
			dstSubfolderSpec = 0;
			files = (
			);
			runOnlyForDeploymentPostprocessing = 1;
		};
/* End PBXCopyFilesBuildPhase section */

/* Begin PBXFileReference section */
		5CC3BCD52106CFBE00F5687E /* ModelToDictionary */ = {isa = PBXFileReference; explicitFileType = "compiled.mach-o.executable"; includeInIndex = 0; path = ModelToDictionary; sourceTree = BUILT_PRODUCTS_DIR; };
		5CC3BCD82106CFBE00F5687E /* main.m */ = {isa = PBXFileReference; lastKnownFileType = sourcecode.c.objc; path = main.m; sourceTree = "<group>"; };
		5CC3BCDF2106D00300F5687E /* NSObject+Dictionary.h */ = {isa = PBXFileReference; fileEncoding = 4; lastKnownFileType = sourcecode.c.h; path = "NSObject+Dictionary.h"; sourceTree = "<group>"; };
		5CC3BCE02106D00300F5687E /* NSObject+Dictionary.m */ = {isa = PBXFileReference; fileEncoding = 4; lastKnownFileType = sourcecode.c.objc; path = "NSObject+Dictionary.m"; sourceTree = "<group>"; };
		5CC3BCE22106D00B00F5687E /* README.md */ = {isa = PBXFileReference; fileEncoding = 4; lastKnownFileType = net.daringfireball.markdown; path = README.md; sourceTree = "<group>"; };
		5CC3BCE32106D00B00F5687E /* ModelToDictionary.podspec */ = {isa = PBXFileReference; fileEncoding = 4; lastKnownFileType = text; path = ModelToDictionary.podspec; sourceTree = "<group>"; };
		5CC3BCE42106D06E00F5687E /* TestJson.json */ = {isa = PBXFileReference; lastKnownFileType = text.json; path = TestJson.json; sourceTree = "<group>"; };
		5CC3BCF12106D0E100F5687E /* SalesOrderParts.h */ = {isa = PBXFileReference; fileEncoding = 4; lastKnownFileType = sourcecode.c.h; path = SalesOrderParts.h; sourceTree = "<group>"; };
		5CC3BCF22106D0E100F5687E /* TEST.h */ = {isa = PBXFileReference; fileEncoding = 4; lastKnownFileType = sourcecode.c.h; path = TEST.h; sourceTree = "<group>"; };
		5CC3BCF32106D0E100F5687E /* Goods.m */ = {isa = PBXFileReference; fileEncoding = 4; lastKnownFileType = sourcecode.c.objc; path = Goods.m; sourceTree = "<group>"; };
		5CC3BCF42106D0E100F5687E /* SalesRefund.h */ = {isa = PBXFileReference; fileEncoding = 4; lastKnownFileType = sourcecode.c.h; path = SalesRefund.h; sourceTree = "<group>"; };
		5CC3BCF52106D0E100F5687E /* SalesOrder.m */ = {isa = PBXFileReference; fileEncoding = 4; lastKnownFileType = sourcecode.c.objc; path = SalesOrder.m; sourceTree = "<group>"; };
		5CC3BCF62106D0E100F5687E /* SalesOrderParts.m */ = {isa = PBXFileReference; fileEncoding = 4; lastKnownFileType = sourcecode.c.objc; path = SalesOrderParts.m; sourceTree = "<group>"; };
		5CC3BCF72106D0E100F5687E /* TEST.m */ = {isa = PBXFileReference; fileEncoding = 4; lastKnownFileType = sourcecode.c.objc; path = TEST.m; sourceTree = "<group>"; };
		5CC3BCF82106D0E100F5687E /* SalesRefund.m */ = {isa = PBXFileReference; fileEncoding = 4; lastKnownFileType = sourcecode.c.objc; path = SalesRefund.m; sourceTree = "<group>"; };
		5CC3BCF92106D0E100F5687E /* SalesOrder.h */ = {isa = PBXFileReference; fileEncoding = 4; lastKnownFileType = sourcecode.c.h; path = SalesOrder.h; sourceTree = "<group>"; };
		5CC3BCFA2106D0E100F5687E /* Goods.h */ = {isa = PBXFileReference; fileEncoding = 4; lastKnownFileType = sourcecode.c.h; path = Goods.h; sourceTree = "<group>"; };
/* End PBXFileReference section */

/* Begin PBXFrameworksBuildPhase section */
		5CC3BCD22106CFBE00F5687E /* Frameworks */ = {
			isa = PBXFrameworksBuildPhase;
			buildActionMask = 2147483647;
			files = (
			);
			runOnlyForDeploymentPostprocessing = 0;
		};
/* End PBXFrameworksBuildPhase section */

/* Begin PBXGroup section */
		5CC3BCCC2106CFBE00F5687E = {
			isa = PBXGroup;
			children = (
				5CC3BCF02106D0E100F5687E /* Model */,
				5CC3BCE42106D06E00F5687E /* TestJson.json */,
				5CC3BCE32106D00B00F5687E /* ModelToDictionary.podspec */,
				5CC3BCE22106D00B00F5687E /* README.md */,
				5CC3BCD72106CFBE00F5687E /* ModelToDictionary */,
				5CC3BCD62106CFBE00F5687E /* Products */,
			);
			sourceTree = "<group>";
		};
		5CC3BCD62106CFBE00F5687E /* Products */ = {
			isa = PBXGroup;
			children = (
				5CC3BCD52106CFBE00F5687E /* ModelToDictionary */,
			);
			name = Products;
			sourceTree = "<group>";
		};
		5CC3BCD72106CFBE00F5687E /* ModelToDictionary */ = {
			isa = PBXGroup;
			children = (
				5CC3BCDF2106D00300F5687E /* NSObject+Dictionary.h */,
				5CC3BCE02106D00300F5687E /* NSObject+Dictionary.m */,
				5CC3BCD82106CFBE00F5687E /* main.m */,
			);
			path = ModelToDictionary;
			sourceTree = "<group>";
		};
		5CC3BCF02106D0E100F5687E /* Model */ = {
			isa = PBXGroup;
			children = (
				5CC3BCF12106D0E100F5687E /* SalesOrderParts.h */,
				5CC3BCF22106D0E100F5687E /* TEST.h */,
				5CC3BCF32106D0E100F5687E /* Goods.m */,
				5CC3BCF42106D0E100F5687E /* SalesRefund.h */,
				5CC3BCF52106D0E100F5687E /* SalesOrder.m */,
				5CC3BCF62106D0E100F5687E /* SalesOrderParts.m */,
				5CC3BCF72106D0E100F5687E /* TEST.m */,
				5CC3BCF82106D0E100F5687E /* SalesRefund.m */,
				5CC3BCF92106D0E100F5687E /* SalesOrder.h */,
				5CC3BCFA2106D0E100F5687E /* Goods.h */,
			);
			path = Model;
			sourceTree = "<group>";
		};
/* End PBXGroup section */

/* Begin PBXNativeTarget section */
		5CC3BCD42106CFBE00F5687E /* ModelToDictionary */ = {
			isa = PBXNativeTarget;
			buildConfigurationList = 5CC3BCDC2106CFBE00F5687E /* Build configuration list for PBXNativeTarget "ModelToDictionary" */;
			buildPhases = (
				5CC3BCD12106CFBE00F5687E /* Sources */,
				5CC3BCD22106CFBE00F5687E /* Frameworks */,
				5CC3BCD32106CFBE00F5687E /* CopyFiles */,
			);
			buildRules = (
			);
			dependencies = (
			);
			name = ModelToDictionary;
			productName = ModelToDictionary;
			productReference = 5CC3BCD52106CFBE00F5687E /* ModelToDictionary */;
			productType = "com.apple.product-type.tool";
		};
/* End PBXNativeTarget section */

/* Begin PBXProject section */
		5CC3BCCD2106CFBE00F5687E /* Project object */ = {
			isa = PBXProject;
			attributes = {
				LastUpgradeCheck = 0940;
				ORGANIZATIONNAME = "POSUN-MAC";
				TargetAttributes = {
					5CC3BCD42106CFBE00F5687E = {
						CreatedOnToolsVersion = 9.4;
					};
				};
			};
			buildConfigurationList = 5CC3BCD02106CFBE00F5687E /* Build configuration list for PBXProject "ModelToDictionary" */;
			compatibilityVersion = "Xcode 9.3";
			developmentRegion = en;
			hasScannedForEncodings = 0;
			knownRegions = (
				en,
			);
			mainGroup = 5CC3BCCC2106CFBE00F5687E;
			productRefGroup = 5CC3BCD62106CFBE00F5687E /* Products */;
			projectDirPath = "";
			projectRoot = "";
			targets = (
				5CC3BCD42106CFBE00F5687E /* ModelToDictionary */,
			);
		};
/* End PBXProject section */

/* Begin PBXSourcesBuildPhase section */
		5CC3BCD12106CFBE00F5687E /* Sources */ = {
			isa = PBXSourcesBuildPhase;
			buildActionMask = 2147483647;
			files = (
				5CC3BCFB2106D0E100F5687E /* Goods.m in Sources */,
				5CC3BCFF2106D0E100F5687E /* SalesRefund.m in Sources */,
				5CC3BCD92106CFBE00F5687E /* main.m in Sources */,
				5CC3BCFD2106D0E100F5687E /* SalesOrderParts.m in Sources */,
				5CC3BCE12106D00300F5687E /* NSObject+Dictionary.m in Sources */,
				5CC3BCFC2106D0E100F5687E /* SalesOrder.m in Sources */,
				5CC3BCFE2106D0E100F5687E /* TEST.m in Sources */,
			);
			runOnlyForDeploymentPostprocessing = 0;
		};
/* End PBXSourcesBuildPhase section */

/* Begin XCBuildConfiguration section */
		5CC3BCDA2106CFBE00F5687E /* Debug */ = {
			isa = XCBuildConfiguration;
			buildSettings = {
				ALWAYS_SEARCH_USER_PATHS = NO;
				CLANG_ANALYZER_NONNULL = YES;
				CLANG_ANALYZER_NUMBER_OBJECT_CONVERSION = YES_AGGRESSIVE;
				CLANG_CXX_LANGUAGE_STANDARD = "gnu++14";
				CLANG_CXX_LIBRARY = "libc++";
				CLANG_ENABLE_MODULES = YES;
				CLANG_ENABLE_OBJC_ARC = YES;
				CLANG_ENABLE_OBJC_WEAK = YES;
				CLANG_WARN_BLOCK_CAPTURE_AUTORELEASING = YES;
				CLANG_WARN_BOOL_CONVERSION = YES;
				CLANG_WARN_COMMA = YES;
				CLANG_WARN_CONSTANT_CONVERSION = YES;
				CLANG_WARN_DEPRECATED_OBJC_IMPLEMENTATIONS = YES;
				CLANG_WARN_DIRECT_OBJC_ISA_USAGE = YES_ERROR;
				CLANG_WARN_DOCUMENTATION_COMMENTS = YES;
				CLANG_WARN_EMPTY_BODY = YES;
				CLANG_WARN_ENUM_CONVERSION = YES;
				CLANG_WARN_INFINITE_RECURSION = YES;
				CLANG_WARN_INT_CONVERSION = YES;
				CLANG_WARN_NON_LITERAL_NULL_CONVERSION = YES;
				CLANG_WARN_OBJC_IMPLICIT_RETAIN_SELF = YES;
				CLANG_WARN_OBJC_LITERAL_CONVERSION = YES;
				CLANG_WARN_OBJC_ROOT_CLASS = YES_ERROR;
				CLANG_WARN_RANGE_LOOP_ANALYSIS = YES;
				CLANG_WARN_STRICT_PROTOTYPES = YES;
				CLANG_WARN_SUSPICIOUS_MOVE = YES;
				CLANG_WARN_UNGUARDED_AVAILABILITY = YES_AGGRESSIVE;
				CLANG_WARN_UNREACHABLE_CODE = YES;
				CLANG_WARN__DUPLICATE_METHOD_MATCH = YES;
				CODE_SIGN_IDENTITY = "-";
				COPY_PHASE_STRIP = NO;
				DEBUG_INFORMATION_FORMAT = dwarf;
				ENABLE_STRICT_OBJC_MSGSEND = YES;
				ENABLE_TESTABILITY = YES;
				GCC_C_LANGUAGE_STANDARD = gnu11;
				GCC_DYNAMIC_NO_PIC = NO;
				GCC_NO_COMMON_BLOCKS = YES;
				GCC_OPTIMIZATION_LEVEL = 0;
				GCC_PREPROCESSOR_DEFINITIONS = (
					"DEBUG=1",
					"$(inherited)",
				);
				GCC_WARN_64_TO_32_BIT_CONVERSION = YES;
				GCC_WARN_ABOUT_RETURN_TYPE = YES_ERROR;
				GCC_WARN_UNDECLARED_SELECTOR = YES;
				GCC_WARN_UNINITIALIZED_AUTOS = YES_AGGRESSIVE;
				GCC_WARN_UNUSED_FUNCTION = YES;
				GCC_WARN_UNUSED_VARIABLE = YES;
				MACOSX_DEPLOYMENT_TARGET = 10.13;
				MTL_ENABLE_DEBUG_INFO = YES;
				ONLY_ACTIVE_ARCH = YES;
				SDKROOT = macosx;
			};
			name = Debug;
		};
		5CC3BCDB2106CFBE00F5687E /* Release */ = {
			isa = XCBuildConfiguration;
			buildSettings = {
				ALWAYS_SEARCH_USER_PATHS = NO;
				CLANG_ANALYZER_NONNULL = YES;
				CLANG_ANALYZER_NUMBER_OBJECT_CONVERSION = YES_AGGRESSIVE;
				CLANG_CXX_LANGUAGE_STANDARD = "gnu++14";
				CLANG_CXX_LIBRARY = "libc++";
				CLANG_ENABLE_MODULES = YES;
				CLANG_ENABLE_OBJC_ARC = YES;
				CLANG_ENABLE_OBJC_WEAK = YES;
				CLANG_WARN_BLOCK_CAPTURE_AUTORELEASING = YES;
				CLANG_WARN_BOOL_CONVERSION = YES;
				CLANG_WARN_COMMA = YES;
				CLANG_WARN_CONSTANT_CONVERSION = YES;
				CLANG_WARN_DEPRECATED_OBJC_IMPLEMENTATIONS = YES;
				CLANG_WARN_DIRECT_OBJC_ISA_USAGE = YES_ERROR;
				CLANG_WARN_DOCUMENTATION_COMMENTS = YES;
				CLANG_WARN_EMPTY_BODY = YES;
				CLANG_WARN_ENUM_CONVERSION = YES;
				CLANG_WARN_INFINITE_RECURSION = YES;
				CLANG_WARN_INT_CONVERSION = YES;
				CLANG_WARN_NON_LITERAL_NULL_CONVERSION = YES;
				CLANG_WARN_OBJC_IMPLICIT_RETAIN_SELF = YES;
				CLANG_WARN_OBJC_LITERAL_CONVERSION = YES;
				CLANG_WARN_OBJC_ROOT_CLASS = YES_ERROR;
				CLANG_WARN_RANGE_LOOP_ANALYSIS = YES;
				CLANG_WARN_STRICT_PROTOTYPES = YES;
				CLANG_WARN_SUSPICIOUS_MOVE = YES;
				CLANG_WARN_UNGUARDED_AVAILABILITY = YES_AGGRESSIVE;
				CLANG_WARN_UNREACHABLE_CODE = YES;
				CLANG_WARN__DUPLICATE_METHOD_MATCH = YES;
				CODE_SIGN_IDENTITY = "-";
				COPY_PHASE_STRIP = NO;
				DEBUG_INFORMATION_FORMAT = "dwarf-with-dsym";
				ENABLE_NS_ASSERTIONS = NO;
				ENABLE_STRICT_OBJC_MSGSEND = YES;
				GCC_C_LANGUAGE_STANDARD = gnu11;
				GCC_NO_COMMON_BLOCKS = YES;
				GCC_WARN_64_TO_32_BIT_CONVERSION = YES;
				GCC_WARN_ABOUT_RETURN_TYPE = YES_ERROR;
				GCC_WARN_UNDECLARED_SELECTOR = YES;
				GCC_WARN_UNINITIALIZED_AUTOS = YES_AGGRESSIVE;
				GCC_WARN_UNUSED_FUNCTION = YES;
				GCC_WARN_UNUSED_VARIABLE = YES;
				MACOSX_DEPLOYMENT_TARGET = 10.13;
				MTL_ENABLE_DEBUG_INFO = NO;
				SDKROOT = macosx;
			};
			name = Release;
		};
		5CC3BCDD2106CFBE00F5687E /* Debug */ = {
			isa = XCBuildConfiguration;
			buildSettings = {
				CODE_SIGN_STYLE = Automatic;
				PRODUCT_NAME = "$(TARGET_NAME)";
			};
			name = Debug;
		};
		5CC3BCDE2106CFBE00F5687E /* Release */ = {
			isa = XCBuildConfiguration;
			buildSettings = {
				CODE_SIGN_STYLE = Automatic;
				PRODUCT_NAME = "$(TARGET_NAME)";
			};
			name = Release;
		};
/* End XCBuildConfiguration section */

/* Begin XCConfigurationList section */
		5CC3BCD02106CFBE00F5687E /* Build configuration list for PBXProject "ModelToDictionary" */ = {
			isa = XCConfigurationList;
			buildConfigurations = (
				5CC3BCDA2106CFBE00F5687E /* Debug */,
				5CC3BCDB2106CFBE00F5687E /* Release */,
			);
			defaultConfigurationIsVisible = 0;
			defaultConfigurationName = Release;
		};
		5CC3BCDC2106CFBE00F5687E /* Build configuration list for PBXNativeTarget "ModelToDictionary" */ = {
			isa = XCConfigurationList;
			buildConfigurations = (
				5CC3BCDD2106CFBE00F5687E /* Debug */,
				5CC3BCDE2106CFBE00F5687E /* Release */,
			);
			defaultConfigurationIsVisible = 0;
			defaultConfigurationName = Release;
		};
/* End XCConfigurationList section */
	};
	rootObject = 5CC3BCCD2106CFBE00F5687E /* Project object */;
}
